// !$*UTF8*$!
{
	archiveVersion = 1;
	classes = {
	};
	objectVersion = 46;
	objects = {

/* Begin PBXBuildFile section */
		32091BAA1C4DE4640059BE13 /* UIImage+LNImage.m in Sources */ = {isa = PBXBuildFile; fileRef = 32091BA91C4DE4640059BE13 /* UIImage+LNImage.m */; };
		321B08C51C47F37D00FC70B3 /* main.m in Sources */ = {isa = PBXBuildFile; fileRef = 321B08C41C47F37D00FC70B3 /* main.m */; };
		321B08C81C47F37D00FC70B3 /* AppDelegate.m in Sources */ = {isa = PBXBuildFile; fileRef = 321B08C71C47F37D00FC70B3 /* AppDelegate.m */; };
		321B08CB1C47F37D00FC70B3 /* ViewController.m in Sources */ = {isa = PBXBuildFile; fileRef = 321B08CA1C47F37D00FC70B3 /* ViewController.m */; };
		321B08CE1C47F37D00FC70B3 /* Main.storyboard in Resources */ = {isa = PBXBuildFile; fileRef = 321B08CC1C47F37D00FC70B3 /* Main.storyboard */; };
		321B08D01C47F37D00FC70B3 /* Assets.xcassets in Resources */ = {isa = PBXBuildFile; fileRef = 321B08CF1C47F37D00FC70B3 /* Assets.xcassets */; };
		321B08D31C47F37D00FC70B3 /* LaunchScreen.storyboard in Resources */ = {isa = PBXBuildFile; fileRef = 321B08D11C47F37D00FC70B3 /* LaunchScreen.storyboard */; };
		321B08DE1C47F37D00FC70B3 /* LNImagePickerDemoTests.m in Sources */ = {isa = PBXBuildFile; fileRef = 321B08DD1C47F37D00FC70B3 /* LNImagePickerDemoTests.m */; };
		321B08E91C47F37D00FC70B3 /* LNImagePickerDemoUITests.m in Sources */ = {isa = PBXBuildFile; fileRef = 321B08E81C47F37D00FC70B3 /* LNImagePickerDemoUITests.m */; };
		321B08FA1C47F43200FC70B3 /* LNImagePickerView.m in Sources */ = {isa = PBXBuildFile; fileRef = 321B08F91C47F43200FC70B3 /* LNImagePickerView.m */; };
		321B08FC1C47F4D600FC70B3 /* image_add@2x.png in Resources */ = {isa = PBXBuildFile; fileRef = 321B08FB1C47F4D600FC70B3 /* image_add@2x.png */; };
		321B09031C47FF5500FC70B3 /* LNTouchComponent.m in Sources */ = {isa = PBXBuildFile; fileRef = 321B09021C47FF5500FC70B3 /* LNTouchComponent.m */; };
		321B09061C48000800FC70B3 /* UIImageView+LNTouch.m in Sources */ = {isa = PBXBuildFile; fileRef = 321B09051C48000800FC70B3 /* UIImageView+LNTouch.m */; };
		321B090C1C48008700FC70B3 /* LNTouchTap.m in Sources */ = {isa = PBXBuildFile; fileRef = 321B090B1C48008700FC70B3 /* LNTouchTap.m */; };
		325226381C4F33580035C2F3 /* image_unselect.png in Resources */ = {isa = PBXBuildFile; fileRef = 325226351C4F33580035C2F3 /* image_unselect.png */; };
		325226391C4F33580035C2F3 /* image_unselect@2x.png in Resources */ = {isa = PBXBuildFile; fileRef = 325226361C4F33580035C2F3 /* image_unselect@2x.png */; };
		3252263A1C4F33580035C2F3 /* image_unselect@3x.png in Resources */ = {isa = PBXBuildFile; fileRef = 325226371C4F33580035C2F3 /* image_unselect@3x.png */; };
		3252263E1C4F34080035C2F3 /* image_selected.png in Resources */ = {isa = PBXBuildFile; fileRef = 3252263B1C4F34080035C2F3 /* image_selected.png */; };
		3252263F1C4F34080035C2F3 /* image_selected@2x.png in Resources */ = {isa = PBXBuildFile; fileRef = 3252263C1C4F34080035C2F3 /* image_selected@2x.png */; };
		325226401C4F34080035C2F3 /* image_selected@3x.png in Resources */ = {isa = PBXBuildFile; fileRef = 3252263D1C4F34080035C2F3 /* image_selected@3x.png */; };
		325226431C4F5EBB0035C2F3 /* LNPhotoAsset.m in Sources */ = {isa = PBXBuildFile; fileRef = 325226421C4F5EBB0035C2F3 /* LNPhotoAsset.m */; };
		325226461C4F65710035C2F3 /* LNPhotoView.m in Sources */ = {isa = PBXBuildFile; fileRef = 325226451C4F65710035C2F3 /* LNPhotoView.m */; };
		32583C6B1C53D97B0027241D /* LNImagePickerController in Resources */ = {isa = PBXBuildFile; fileRef = 32583C6A1C53D97B0027241D /* LNImagePickerController */; };
		32583C731C53DEB70027241D /* default_image.png in Resources */ = {isa = PBXBuildFile; fileRef = 32583C721C53DEB70027241D /* default_image.png */; };
		32583C771C53E5890027241D /* image1.png in Resources */ = {isa = PBXBuildFile; fileRef = 32583C741C53E5890027241D /* image1.png */; };
		32583C781C53E5890027241D /* image2.png in Resources */ = {isa = PBXBuildFile; fileRef = 32583C751C53E5890027241D /* image2.png */; };
		32583C791C53E5890027241D /* image3.png in Resources */ = {isa = PBXBuildFile; fileRef = 32583C761C53E5890027241D /* image3.png */; };
		325A4A8E1C4C88ED001CB0B7 /* LNPhotoCell.m in Sources */ = {isa = PBXBuildFile; fileRef = 325A4A8D1C4C88ED001CB0B7 /* LNPhotoCell.m */; };
		327A09C41C4CAE0A00642489 /* LNPhotoBrowserController.m in Sources */ = {isa = PBXBuildFile; fileRef = 327A09C31C4CAE0A00642489 /* LNPhotoBrowserController.m */; };
		327A09C91C4CBE4000642489 /* UIView+LNView.m in Sources */ = {isa = PBXBuildFile; fileRef = 327A09C81C4CBE4000642489 /* UIView+LNView.m */; };
		328C16AE1C48B17200322F95 /* LNTouchLongPress.m in Sources */ = {isa = PBXBuildFile; fileRef = 328C16AD1C48B17200322F95 /* LNTouchLongPress.m */; };
		328C16BC1C48D60E00322F95 /* LNPhotoLibaryController.m in Sources */ = {isa = PBXBuildFile; fileRef = 328C16BB1C48D60E00322F95 /* LNPhotoLibaryController.m */; };
/* End PBXBuildFile section */

/* Begin PBXContainerItemProxy section */
		321B08DA1C47F37D00FC70B3 /* PBXContainerItemProxy */ = {
			isa = PBXContainerItemProxy;
			containerPortal = 321B08B81C47F37D00FC70B3 /* Project object */;
			proxyType = 1;
			remoteGlobalIDString = 321B08BF1C47F37D00FC70B3;
			remoteInfo = LNImagePickerDemo;
		};
		321B08E51C47F37D00FC70B3 /* PBXContainerItemProxy */ = {
			isa = PBXContainerItemProxy;
			containerPortal = 321B08B81C47F37D00FC70B3 /* Project object */;
			proxyType = 1;
			remoteGlobalIDString = 321B08BF1C47F37D00FC70B3;
			remoteInfo = LNImagePickerDemo;
		};
/* End PBXContainerItemProxy section */

/* Begin PBXFileReference section */
		32091BA81C4DE4640059BE13 /* UIImage+LNImage.h */ = {isa = PBXFileReference; fileEncoding = 4; lastKnownFileType = sourcecode.c.h; path = "UIImage+LNImage.h"; sourceTree = "<group>"; };
		32091BA91C4DE4640059BE13 /* UIImage+LNImage.m */ = {isa = PBXFileReference; fileEncoding = 4; lastKnownFileType = sourcecode.c.objc; path = "UIImage+LNImage.m"; sourceTree = "<group>"; };
		321B08C01C47F37D00FC70B3 /* LNImagePickerDemo.app */ = {isa = PBXFileReference; explicitFileType = wrapper.application; includeInIndex = 0; path = LNImagePickerDemo.app; sourceTree = BUILT_PRODUCTS_DIR; };
		321B08C41C47F37D00FC70B3 /* main.m */ = {isa = PBXFileReference; lastKnownFileType = sourcecode.c.objc; path = main.m; sourceTree = "<group>"; };
		321B08C61C47F37D00FC70B3 /* AppDelegate.h */ = {isa = PBXFileReference; lastKnownFileType = sourcecode.c.h; path = AppDelegate.h; sourceTree = "<group>"; };
		321B08C71C47F37D00FC70B3 /* AppDelegate.m */ = {isa = PBXFileReference; lastKnownFileType = sourcecode.c.objc; path = AppDelegate.m; sourceTree = "<group>"; };
		321B08C91C47F37D00FC70B3 /* ViewController.h */ = {isa = PBXFileReference; lastKnownFileType = sourcecode.c.h; path = ViewController.h; sourceTree = "<group>"; };
		321B08CA1C47F37D00FC70B3 /* ViewController.m */ = {isa = PBXFileReference; lastKnownFileType = sourcecode.c.objc; path = ViewController.m; sourceTree = "<group>"; };
		321B08CD1C47F37D00FC70B3 /* Base */ = {isa = PBXFileReference; lastKnownFileType = file.storyboard; name = Base; path = Base.lproj/Main.storyboard; sourceTree = "<group>"; };
		321B08CF1C47F37D00FC70B3 /* Assets.xcassets */ = {isa = PBXFileReference; lastKnownFileType = folder.assetcatalog; path = Assets.xcassets; sourceTree = "<group>"; };
		321B08D21C47F37D00FC70B3 /* Base */ = {isa = PBXFileReference; lastKnownFileType = file.storyboard; name = Base; path = Base.lproj/LaunchScreen.storyboard; sourceTree = "<group>"; };
		321B08D41C47F37D00FC70B3 /* Info.plist */ = {isa = PBXFileReference; lastKnownFileType = text.plist.xml; path = Info.plist; sourceTree = "<group>"; };
		321B08D91C47F37D00FC70B3 /* LNImagePickerDemoTests.xctest */ = {isa = PBXFileReference; explicitFileType = wrapper.cfbundle; includeInIndex = 0; path = LNImagePickerDemoTests.xctest; sourceTree = BUILT_PRODUCTS_DIR; };
		321B08DD1C47F37D00FC70B3 /* LNImagePickerDemoTests.m */ = {isa = PBXFileReference; lastKnownFileType = sourcecode.c.objc; path = LNImagePickerDemoTests.m; sourceTree = "<group>"; };
		321B08DF1C47F37D00FC70B3 /* Info.plist */ = {isa = PBXFileReference; lastKnownFileType = text.plist.xml; path = Info.plist; sourceTree = "<group>"; };
		321B08E41C47F37D00FC70B3 /* LNImagePickerDemoUITests.xctest */ = {isa = PBXFileReference; explicitFileType = wrapper.cfbundle; includeInIndex = 0; path = LNImagePickerDemoUITests.xctest; sourceTree = BUILT_PRODUCTS_DIR; };
		321B08E81C47F37D00FC70B3 /* LNImagePickerDemoUITests.m */ = {isa = PBXFileReference; lastKnownFileType = sourcecode.c.objc; path = LNImagePickerDemoUITests.m; sourceTree = "<group>"; };
		321B08EA1C47F37D00FC70B3 /* Info.plist */ = {isa = PBXFileReference; lastKnownFileType = text.plist.xml; path = Info.plist; sourceTree = "<group>"; };
		321B08F81C47F43200FC70B3 /* LNImagePickerView.h */ = {isa = PBXFileReference; fileEncoding = 4; lastKnownFileType = sourcecode.c.h; path = LNImagePickerView.h; sourceTree = "<group>"; };
		321B08F91C47F43200FC70B3 /* LNImagePickerView.m */ = {isa = PBXFileReference; fileEncoding = 4; lastKnownFileType = sourcecode.c.objc; path = LNImagePickerView.m; sourceTree = "<group>"; };
		321B08FB1C47F4D600FC70B3 /* image_add@2x.png */ = {isa = PBXFileReference; lastKnownFileType = image.png; path = "image_add@2x.png"; sourceTree = "<group>"; };
		321B09011C47FF5500FC70B3 /* LNTouchComponent.h */ = {isa = PBXFileReference; fileEncoding = 4; lastKnownFileType = sourcecode.c.h; path = LNTouchComponent.h; sourceTree = "<group>"; };
		321B09021C47FF5500FC70B3 /* LNTouchComponent.m */ = {isa = PBXFileReference; fileEncoding = 4; lastKnownFileType = sourcecode.c.objc; path = LNTouchComponent.m; sourceTree = "<group>"; };
		321B09041C48000800FC70B3 /* UIImageView+LNTouch.h */ = {isa = PBXFileReference; fileEncoding = 4; lastKnownFileType = sourcecode.c.h; path = "UIImageView+LNTouch.h"; sourceTree = "<group>"; };
		321B09051C48000800FC70B3 /* UIImageView+LNTouch.m */ = {isa = PBXFileReference; fileEncoding = 4; lastKnownFileType = sourcecode.c.objc; path = "UIImageView+LNTouch.m"; sourceTree = "<group>"; };
		321B090A1C48008700FC70B3 /* LNTouchTap.h */ = {isa = PBXFileReference; fileEncoding = 4; lastKnownFileType = sourcecode.c.h; path = LNTouchTap.h; sourceTree = "<group>"; };
		321B090B1C48008700FC70B3 /* LNTouchTap.m */ = {isa = PBXFileReference; fileEncoding = 4; lastKnownFileType = sourcecode.c.objc; path = LNTouchTap.m; sourceTree = "<group>"; };
		325226351C4F33580035C2F3 /* image_unselect.png */ = {isa = PBXFileReference; lastKnownFileType = image.png; path = image_unselect.png; sourceTree = "<group>"; };
		325226361C4F33580035C2F3 /* image_unselect@2x.png */ = {isa = PBXFileReference; lastKnownFileType = image.png; path = "image_unselect@2x.png"; sourceTree = "<group>"; };
		325226371C4F33580035C2F3 /* image_unselect@3x.png */ = {isa = PBXFileReference; lastKnownFileType = image.png; path = "image_unselect@3x.png"; sourceTree = "<group>"; };
		3252263B1C4F34080035C2F3 /* image_selected.png */ = {isa = PBXFileReference; lastKnownFileType = image.png; path = image_selected.png; sourceTree = "<group>"; };
		3252263C1C4F34080035C2F3 /* image_selected@2x.png */ = {isa = PBXFileReference; lastKnownFileType = image.png; path = "image_selected@2x.png"; sourceTree = "<group>"; };
		3252263D1C4F34080035C2F3 /* image_selected@3x.png */ = {isa = PBXFileReference; lastKnownFileType = image.png; path = "image_selected@3x.png"; sourceTree = "<group>"; };
		325226411C4F5EBB0035C2F3 /* LNPhotoAsset.h */ = {isa = PBXFileReference; fileEncoding = 4; lastKnownFileType = sourcecode.c.h; path = LNPhotoAsset.h; sourceTree = "<group>"; };
		325226421C4F5EBB0035C2F3 /* LNPhotoAsset.m */ = {isa = PBXFileReference; fileEncoding = 4; lastKnownFileType = sourcecode.c.objc; path = LNPhotoAsset.m; sourceTree = "<group>"; };
		325226441C4F65710035C2F3 /* LNPhotoView.h */ = {isa = PBXFileReference; fileEncoding = 4; lastKnownFileType = sourcecode.c.h; path = LNPhotoView.h; sourceTree = "<group>"; };
		325226451C4F65710035C2F3 /* LNPhotoView.m */ = {isa = PBXFileReference; fileEncoding = 4; lastKnownFileType = sourcecode.c.objc; path = LNPhotoView.m; sourceTree = "<group>"; };
		32583C6A1C53D97B0027241D /* LNImagePickerController */ = {isa = PBXFileReference; lastKnownFileType = folder; path = LNImagePickerController; sourceTree = "<group>"; };
		32583C721C53DEB70027241D /* default_image.png */ = {isa = PBXFileReference; lastKnownFileType = image.png; path = default_image.png; sourceTree = "<group>"; };
		32583C741C53E5890027241D /* image1.png */ = {isa = PBXFileReference; lastKnownFileType = image.png; path = image1.png; sourceTree = "<group>"; };
		32583C751C53E5890027241D /* image2.png */ = {isa = PBXFileReference; lastKnownFileType = image.png; path = image2.png; sourceTree = "<group>"; };
		32583C761C53E5890027241D /* image3.png */ = {isa = PBXFileReference; lastKnownFileType = image.png; path = image3.png; sourceTree = "<group>"; };
		325A4A8C1C4C88ED001CB0B7 /* LNPhotoCell.h */ = {isa = PBXFileReference; fileEncoding = 4; lastKnownFileType = sourcecode.c.h; path = LNPhotoCell.h; sourceTree = "<group>"; };
		325A4A8D1C4C88ED001CB0B7 /* LNPhotoCell.m */ = {isa = PBXFileReference; fileEncoding = 4; lastKnownFileType = sourcecode.c.objc; path = LNPhotoCell.m; sourceTree = "<group>"; };
		327A09BA1C4C920900642489 /* LNPhotoPickerHeader.h */ = {isa = PBXFileReference; lastKnownFileType = sourcecode.c.h; path = LNPhotoPickerHeader.h; sourceTree = "<group>"; };
		327A09C21C4CAE0A00642489 /* LNPhotoBrowserController.h */ = {isa = PBXFileReference; fileEncoding = 4; lastKnownFileType = sourcecode.c.h; path = LNPhotoBrowserController.h; sourceTree = "<group>"; };
		327A09C31C4CAE0A00642489 /* LNPhotoBrowserController.m */ = {isa = PBXFileReference; fileEncoding = 4; lastKnownFileType = sourcecode.c.objc; path = LNPhotoBrowserController.m; sourceTree = "<group>"; };
		327A09C71C4CBE4000642489 /* UIView+LNView.h */ = {isa = PBXFileReference; fileEncoding = 4; lastKnownFileType = sourcecode.c.h; path = "UIView+LNView.h"; sourceTree = "<group>"; };
		327A09C81C4CBE4000642489 /* UIView+LNView.m */ = {isa = PBXFileReference; fileEncoding = 4; lastKnownFileType = sourcecode.c.objc; path = "UIView+LNView.m"; sourceTree = "<group>"; };
		328C16AC1C48B17200322F95 /* LNTouchLongPress.h */ = {isa = PBXFileReference; fileEncoding = 4; lastKnownFileType = sourcecode.c.h; path = LNTouchLongPress.h; sourceTree = "<group>"; };
		328C16AD1C48B17200322F95 /* LNTouchLongPress.m */ = {isa = PBXFileReference; fileEncoding = 4; lastKnownFileType = sourcecode.c.objc; path = LNTouchLongPress.m; sourceTree = "<group>"; };
		328C16BA1C48D60E00322F95 /* LNPhotoLibaryController.h */ = {isa = PBXFileReference; fileEncoding = 4; lastKnownFileType = sourcecode.c.h; path = LNPhotoLibaryController.h; sourceTree = "<group>"; };
		328C16BB1C48D60E00322F95 /* LNPhotoLibaryController.m */ = {isa = PBXFileReference; fileEncoding = 4; lastKnownFileType = sourcecode.c.objc; path = LNPhotoLibaryController.m; sourceTree = "<group>"; };
/* End PBXFileReference section */

/* Begin PBXFrameworksBuildPhase section */
		321B08BD1C47F37D00FC70B3 /* Frameworks */ = {
			isa = PBXFrameworksBuildPhase;
			buildActionMask = 2147483647;
			files = (
			);
			runOnlyForDeploymentPostprocessing = 0;
		};
		321B08D61C47F37D00FC70B3 /* Frameworks */ = {
			isa = PBXFrameworksBuildPhase;
			buildActionMask = 2147483647;
			files = (
			);
			runOnlyForDeploymentPostprocessing = 0;
		};
		321B08E11C47F37D00FC70B3 /* Frameworks */ = {
			isa = PBXFrameworksBuildPhase;
			buildActionMask = 2147483647;
			files = (
			);
			runOnlyForDeploymentPostprocessing = 0;
		};
/* End PBXFrameworksBuildPhase section */

/* Begin PBXGroup section */
		32091BA71C4DE3C90059BE13 /* LNImage */ = {
			isa = PBXGroup;
			children = (
				32091BA81C4DE4640059BE13 /* UIImage+LNImage.h */,
				32091BA91C4DE4640059BE13 /* UIImage+LNImage.m */,
			);
			name = LNImage;
			sourceTree = "<group>";
		};
		321B08B71C47F37D00FC70B3 = {
			isa = PBXGroup;
			children = (
				32583C6A1C53D97B0027241D /* LNImagePickerController */,
				321B08F61C47F38400FC70B3 /* LNImagePickerController */,
				321B08C21C47F37D00FC70B3 /* LNImagePickerDemo */,
				321B08DC1C47F37D00FC70B3 /* LNImagePickerDemoTests */,
				321B08E71C47F37D00FC70B3 /* LNImagePickerDemoUITests */,
				321B08C11C47F37D00FC70B3 /* Products */,
			);
			sourceTree = "<group>";
		};
		321B08C11C47F37D00FC70B3 /* Products */ = {
			isa = PBXGroup;
			children = (
				321B08C01C47F37D00FC70B3 /* LNImagePickerDemo.app */,
				321B08D91C47F37D00FC70B3 /* LNImagePickerDemoTests.xctest */,
				321B08E41C47F37D00FC70B3 /* LNImagePickerDemoUITests.xctest */,
			);
			name = Products;
			sourceTree = "<group>";
		};
		321B08C21C47F37D00FC70B3 /* LNImagePickerDemo */ = {
			isa = PBXGroup;
			children = (
				321B08C61C47F37D00FC70B3 /* AppDelegate.h */,
				321B08C71C47F37D00FC70B3 /* AppDelegate.m */,
				321B08C91C47F37D00FC70B3 /* ViewController.h */,
				321B08CA1C47F37D00FC70B3 /* ViewController.m */,
				321B08CC1C47F37D00FC70B3 /* Main.storyboard */,
				321B08CF1C47F37D00FC70B3 /* Assets.xcassets */,
				321B08D11C47F37D00FC70B3 /* LaunchScreen.storyboard */,
				321B08D41C47F37D00FC70B3 /* Info.plist */,
				321B08C31C47F37D00FC70B3 /* Supporting Files */,
			);
			path = LNImagePickerDemo;
			sourceTree = "<group>";
		};
		321B08C31C47F37D00FC70B3 /* Supporting Files */ = {
			isa = PBXGroup;
			children = (
				32583C741C53E5890027241D /* image1.png */,
				32583C751C53E5890027241D /* image2.png */,
				32583C761C53E5890027241D /* image3.png */,
				321B08C41C47F37D00FC70B3 /* main.m */,
			);
			name = "Supporting Files";
			sourceTree = "<group>";
		};
		321B08DC1C47F37D00FC70B3 /* LNImagePickerDemoTests */ = {
			isa = PBXGroup;
			children = (
				321B08DD1C47F37D00FC70B3 /* LNImagePickerDemoTests.m */,
				321B08DF1C47F37D00FC70B3 /* Info.plist */,
			);
			path = LNImagePickerDemoTests;
			sourceTree = "<group>";
		};
		321B08E71C47F37D00FC70B3 /* LNImagePickerDemoUITests */ = {
			isa = PBXGroup;
			children = (
				321B08E81C47F37D00FC70B3 /* LNImagePickerDemoUITests.m */,
				321B08EA1C47F37D00FC70B3 /* Info.plist */,
			);
			path = LNImagePickerDemoUITests;
			sourceTree = "<group>";
		};
		321B08F61C47F38400FC70B3 /* LNImagePickerController */ = {
			isa = PBXGroup;
			children = (
				327A09C11C4CAD9D00642489 /* LNPhotoBrowser */,
				328C16B31C48D02100322F95 /* LNPhotoPicker */,
				321B08FD1C47FBE100FC70B3 /* Categories */,
				321B08F71C47F3E900FC70B3 /* Resources */,
				321B08F81C47F43200FC70B3 /* LNImagePickerView.h */,
				321B08F91C47F43200FC70B3 /* LNImagePickerView.m */,
			);
			name = LNImagePickerController;
			sourceTree = "<group>";
		};
		321B08F71C47F3E900FC70B3 /* Resources */ = {
			isa = PBXGroup;
			children = (
				32583C721C53DEB70027241D /* default_image.png */,
				3252263B1C4F34080035C2F3 /* image_selected.png */,
				3252263C1C4F34080035C2F3 /* image_selected@2x.png */,
				3252263D1C4F34080035C2F3 /* image_selected@3x.png */,
				325226351C4F33580035C2F3 /* image_unselect.png */,
				325226361C4F33580035C2F3 /* image_unselect@2x.png */,
				325226371C4F33580035C2F3 /* image_unselect@3x.png */,
				321B08FB1C47F4D600FC70B3 /* image_add@2x.png */,
				327A09BA1C4C920900642489 /* LNPhotoPickerHeader.h */,
			);
			name = Resources;
			sourceTree = "<group>";
		};
		321B08FD1C47FBE100FC70B3 /* Categories */ = {
			isa = PBXGroup;
			children = (
				32091BA71C4DE3C90059BE13 /* LNImage */,
				327A09C61C4CBE1A00642489 /* LNView */,
				328C16B21C48C6C200322F95 /* LNTouch */,
			);
			name = Categories;
			sourceTree = "<group>";
		};
		325A4A8B1C4C88CE001CB0B7 /* Cell */ = {
			isa = PBXGroup;
			children = (
				325A4A8C1C4C88ED001CB0B7 /* LNPhotoCell.h */,
				325A4A8D1C4C88ED001CB0B7 /* LNPhotoCell.m */,
			);
			name = Cell;
			sourceTree = "<group>";
		};
		327A09C11C4CAD9D00642489 /* LNPhotoBrowser */ = {
			isa = PBXGroup;
			children = (
				327A09C21C4CAE0A00642489 /* LNPhotoBrowserController.h */,
				327A09C31C4CAE0A00642489 /* LNPhotoBrowserController.m */,
			);
			name = LNPhotoBrowser;
			sourceTree = "<group>";
		};
		327A09C61C4CBE1A00642489 /* LNView */ = {
			isa = PBXGroup;
			children = (
				327A09C71C4CBE4000642489 /* UIView+LNView.h */,
				327A09C81C4CBE4000642489 /* UIView+LNView.m */,
			);
			name = LNView;
			sourceTree = "<group>";
		};
		327A09CA1C4CD90C00642489 /* Model */ = {
			isa = PBXGroup;
			children = (
				325226411C4F5EBB0035C2F3 /* LNPhotoAsset.h */,
				325226421C4F5EBB0035C2F3 /* LNPhotoAsset.m */,
				325226441C4F65710035C2F3 /* LNPhotoView.h */,
				325226451C4F65710035C2F3 /* LNPhotoView.m */,
			);
			name = Model;
			sourceTree = "<group>";
		};
		328C16B21C48C6C200322F95 /* LNTouch */ = {
			isa = PBXGroup;
			children = (
				321B09041C48000800FC70B3 /* UIImageView+LNTouch.h */,
				321B09051C48000800FC70B3 /* UIImageView+LNTouch.m */,
				321B09011C47FF5500FC70B3 /* LNTouchComponent.h */,
				321B09021C47FF5500FC70B3 /* LNTouchComponent.m */,
				321B090A1C48008700FC70B3 /* LNTouchTap.h */,
				321B090B1C48008700FC70B3 /* LNTouchTap.m */,
				328C16AC1C48B17200322F95 /* LNTouchLongPress.h */,
				328C16AD1C48B17200322F95 /* LNTouchLongPress.m */,
			);
			name = LNTouch;
			sourceTree = "<group>";
		};
		328C16B31C48D02100322F95 /* LNPhotoPicker */ = {
			isa = PBXGroup;
			children = (
				327A09CA1C4CD90C00642489 /* Model */,
				325A4A8B1C4C88CE001CB0B7 /* Cell */,
				328C16BA1C48D60E00322F95 /* LNPhotoLibaryController.h */,
				328C16BB1C48D60E00322F95 /* LNPhotoLibaryController.m */,
			);
			name = LNPhotoPicker;
			sourceTree = "<group>";
		};
/* End PBXGroup section */

/* Begin PBXNativeTarget section */
		321B08BF1C47F37D00FC70B3 /* LNImagePickerDemo */ = {
			isa = PBXNativeTarget;
			buildConfigurationList = 321B08ED1C47F37D00FC70B3 /* Build configuration list for PBXNativeTarget "LNImagePickerDemo" */;
			buildPhases = (
				321B08BC1C47F37D00FC70B3 /* Sources */,
				321B08BD1C47F37D00FC70B3 /* Frameworks */,
				321B08BE1C47F37D00FC70B3 /* Resources */,
			);
			buildRules = (
			);
			dependencies = (
			);
			name = LNImagePickerDemo;
			productName = LNImagePickerDemo;
			productReference = 321B08C01C47F37D00FC70B3 /* LNImagePickerDemo.app */;
			productType = "com.apple.product-type.application";
		};
		321B08D81C47F37D00FC70B3 /* LNImagePickerDemoTests */ = {
			isa = PBXNativeTarget;
			buildConfigurationList = 321B08F01C47F37D00FC70B3 /* Build configuration list for PBXNativeTarget "LNImagePickerDemoTests" */;
			buildPhases = (
				321B08D51C47F37D00FC70B3 /* Sources */,
				321B08D61C47F37D00FC70B3 /* Frameworks */,
				321B08D71C47F37D00FC70B3 /* Resources */,
			);
			buildRules = (
			);
			dependencies = (
				321B08DB1C47F37D00FC70B3 /* PBXTargetDependency */,
			);
			name = LNImagePickerDemoTests;
			productName = LNImagePickerDemoTests;
			productReference = 321B08D91C47F37D00FC70B3 /* LNImagePickerDemoTests.xctest */;
			productType = "com.apple.product-type.bundle.unit-test";
		};
		321B08E31C47F37D00FC70B3 /* LNImagePickerDemoUITests */ = {
			isa = PBXNativeTarget;
			buildConfigurationList = 321B08F31C47F37D00FC70B3 /* Build configuration list for PBXNativeTarget "LNImagePickerDemoUITests" */;
			buildPhases = (
				321B08E01C47F37D00FC70B3 /* Sources */,
				321B08E11C47F37D00FC70B3 /* Frameworks */,
				321B08E21C47F37D00FC70B3 /* Resources */,
			);
			buildRules = (
			);
			dependencies = (
				321B08E61C47F37D00FC70B3 /* PBXTargetDependency */,
			);
			name = LNImagePickerDemoUITests;
			productName = LNImagePickerDemoUITests;
			productReference = 321B08E41C47F37D00FC70B3 /* LNImagePickerDemoUITests.xctest */;
			productType = "com.apple.product-type.bundle.ui-testing";
		};
/* End PBXNativeTarget section */

/* Begin PBXProject section */
		321B08B81C47F37D00FC70B3 /* Project object */ = {
			isa = PBXProject;
			attributes = {
				LastUpgradeCheck = 0720;
				ORGANIZATIONNAME = onlylin;
				TargetAttributes = {
					321B08BF1C47F37D00FC70B3 = {
						CreatedOnToolsVersion = 7.2;
					};
					321B08D81C47F37D00FC70B3 = {
						CreatedOnToolsVersion = 7.2;
						TestTargetID = 321B08BF1C47F37D00FC70B3;
					};
					321B08E31C47F37D00FC70B3 = {
						CreatedOnToolsVersion = 7.2;
						TestTargetID = 321B08BF1C47F37D00FC70B3;
					};
				};
			};
			buildConfigurationList = 321B08BB1C47F37D00FC70B3 /* Build configuration list for PBXProject "LNImagePickerDemo" */;
			compatibilityVersion = "Xcode 3.2";
			developmentRegion = English;
			hasScannedForEncodings = 0;
			knownRegions = (
				en,
				Base,
			);
			mainGroup = 321B08B71C47F37D00FC70B3;
			productRefGroup = 321B08C11C47F37D00FC70B3 /* Products */;
			projectDirPath = "";
			projectRoot = "";
			targets = (
				321B08BF1C47F37D00FC70B3 /* LNImagePickerDemo */,
				321B08D81C47F37D00FC70B3 /* LNImagePickerDemoTests */,
				321B08E31C47F37D00FC70B3 /* LNImagePickerDemoUITests */,
			);
		};
/* End PBXProject section */

/* Begin PBXResourcesBuildPhase section */
		321B08BE1C47F37D00FC70B3 /* Resources */ = {
			isa = PBXResourcesBuildPhase;
			buildActionMask = 2147483647;
			files = (
				3252263F1C4F34080035C2F3 /* image_selected@2x.png in Resources */,
				32583C791C53E5890027241D /* image3.png in Resources */,
				3252263E1C4F34080035C2F3 /* image_selected.png in Resources */,
				321B08D31C47F37D00FC70B3 /* LaunchScreen.storyboard in Resources */,
				325226391C4F33580035C2F3 /* image_unselect@2x.png in Resources */,
				321B08D01C47F37D00FC70B3 /* Assets.xcassets in Resources */,
				325226381C4F33580035C2F3 /* image_unselect.png in Resources */,
				32583C781C53E5890027241D /* image2.png in Resources */,
				32583C6B1C53D97B0027241D /* LNImagePickerController in Resources */,
				3252263A1C4F33580035C2F3 /* image_unselect@3x.png in Resources */,
				321B08FC1C47F4D600FC70B3 /* image_add@2x.png in Resources */,
				32583C771C53E5890027241D /* image1.png in Resources */,
				325226401C4F34080035C2F3 /* image_selected@3x.png in Resources */,
				321B08CE1C47F37D00FC70B3 /* Main.storyboard in Resources */,
				32583C731C53DEB70027241D /* default_image.png in Resources */,
			);
			runOnlyForDeploymentPostprocessing = 0;
		};
		321B08D71C47F37D00FC70B3 /* Resources */ = {
			isa = PBXResourcesBuildPhase;
			buildActionMask = 2147483647;
			files = (
			);
			runOnlyForDeploymentPostprocessing = 0;
		};
		321B08E21C47F37D00FC70B3 /* Resources */ = {
			isa = PBXResourcesBuildPhase;
			buildActionMask = 2147483647;
			files = (
			);
			runOnlyForDeploymentPostprocessing = 0;
		};
/* End PBXResourcesBuildPhase section */

/* Begin PBXSourcesBuildPhase section */
		321B08BC1C47F37D00FC70B3 /* Sources */ = {
			isa = PBXSourcesBuildPhase;
			buildActionMask = 2147483647;
			files = (
				321B08FA1C47F43200FC70B3 /* LNImagePickerView.m in Sources */,
				321B08CB1C47F37D00FC70B3 /* ViewController.m in Sources */,
				328C16BC1C48D60E00322F95 /* LNPhotoLibaryController.m in Sources */,
				32091BAA1C4DE4640059BE13 /* UIImage+LNImage.m in Sources */,
				321B090C1C48008700FC70B3 /* LNTouchTap.m in Sources */,
				327A09C41C4CAE0A00642489 /* LNPhotoBrowserController.m in Sources */,
				325226461C4F65710035C2F3 /* LNPhotoView.m in Sources */,
				325A4A8E1C4C88ED001CB0B7 /* LNPhotoCell.m in Sources */,
				321B09061C48000800FC70B3 /* UIImageView+LNTouch.m in Sources */,
				321B08C81C47F37D00FC70B3 /* AppDelegate.m in Sources */,
				321B09031C47FF5500FC70B3 /* LNTouchComponent.m in Sources */,
				321B08C51C47F37D00FC70B3 /* main.m in Sources */,
				325226431C4F5EBB0035C2F3 /* LNPhotoAsset.m in Sources */,
				328C16AE1C48B17200322F95 /* LNTouchLongPress.m in Sources */,
				327A09C91C4CBE4000642489 /* UIView+LNView.m in Sources */,
			);
			runOnlyForDeploymentPostprocessing = 0;
		};
		321B08D51C47F37D00FC70B3 /* Sources */ = {
			isa = PBXSourcesBuildPhase;
			buildActionMask = 2147483647;
			files = (
				321B08DE1C47F37D00FC70B3 /* LNImagePickerDemoTests.m in Sources */,
			);
			runOnlyForDeploymentPostprocessing = 0;
		};
		321B08E01C47F37D00FC70B3 /* Sources */ = {
			isa = PBXSourcesBuildPhase;
			buildActionMask = 2147483647;
			files = (
				321B08E91C47F37D00FC70B3 /* LNImagePickerDemoUITests.m in Sources */,
			);
			runOnlyForDeploymentPostprocessing = 0;
		};
/* End PBXSourcesBuildPhase section */

/* Begin PBXTargetDependency section */
		321B08DB1C47F37D00FC70B3 /* PBXTargetDependency */ = {
			isa = PBXTargetDependency;
			target = 321B08BF1C47F37D00FC70B3 /* LNImagePickerDemo */;
			targetProxy = 321B08DA1C47F37D00FC70B3 /* PBXContainerItemProxy */;
		};
		321B08E61C47F37D00FC70B3 /* PBXTargetDependency */ = {
			isa = PBXTargetDependency;
			target = 321B08BF1C47F37D00FC70B3 /* LNImagePickerDemo */;
			targetProxy = 321B08E51C47F37D00FC70B3 /* PBXContainerItemProxy */;
		};
/* End PBXTargetDependency section */

/* Begin PBXVariantGroup section */
		321B08CC1C47F37D00FC70B3 /* Main.storyboard */ = {
			isa = PBXVariantGroup;
			children = (
				321B08CD1C47F37D00FC70B3 /* Base */,
			);
			name = Main.storyboard;
			sourceTree = "<group>";
		};
		321B08D11C47F37D00FC70B3 /* LaunchScreen.storyboard */ = {
			isa = PBXVariantGroup;
			children = (
				321B08D21C47F37D00FC70B3 /* Base */,
			);
			name = LaunchScreen.storyboard;
			sourceTree = "<group>";
		};
/* End PBXVariantGroup section */

/* Begin XCBuildConfiguration section */
		321B08EB1C47F37D00FC70B3 /* Debug */ = {
			isa = XCBuildConfiguration;
			buildSettings = {
				ALWAYS_SEARCH_USER_PATHS = NO;
				CLANG_CXX_LANGUAGE_STANDARD = "gnu++0x";
				CLANG_CXX_LIBRARY = "libc++";
				CLANG_ENABLE_MODULES = YES;
				CLANG_ENABLE_OBJC_ARC = YES;
				CLANG_WARN_BOOL_CONVERSION = YES;
				CLANG_WARN_CONSTANT_CONVERSION = YES;
				CLANG_WARN_DIRECT_OBJC_ISA_USAGE = YES_ERROR;
				CLANG_WARN_EMPTY_BODY = YES;
				CLANG_WARN_ENUM_CONVERSION = YES;
				CLANG_WARN_INT_CONVERSION = YES;
				CLANG_WARN_OBJC_ROOT_CLASS = YES_ERROR;
				CLANG_WARN_UNREACHABLE_CODE = YES;
				CLANG_WARN__DUPLICATE_METHOD_MATCH = YES;
				"CODE_SIGN_IDENTITY[sdk=iphoneos*]" = "iPhone Developer";
				COPY_PHASE_STRIP = NO;
				DEBUG_INFORMATION_FORMAT = dwarf;
				ENABLE_STRICT_OBJC_MSGSEND = YES;
				ENABLE_TESTABILITY = YES;
				GCC_C_LANGUAGE_STANDARD = gnu99;
				GCC_DYNAMIC_NO_PIC = NO;
				GCC_NO_COMMON_BLOCKS = YES;
				GCC_OPTIMIZATION_LEVEL = 0;
				GCC_PREPROCESSOR_DEFINITIONS = (
					"DEBUG=1",
					"$(inherited)",
				);
				GCC_WARN_64_TO_32_BIT_CONVERSION = YES;
				GCC_WARN_ABOUT_RETURN_TYPE = YES_ERROR;
				GCC_WARN_UNDECLARED_SELECTOR = YES;
				GCC_WARN_UNINITIALIZED_AUTOS = YES_AGGRESSIVE;
				GCC_WARN_UNUSED_FUNCTION = YES;
				GCC_WARN_UNUSED_VARIABLE = YES;
				IPHONEOS_DEPLOYMENT_TARGET = 9.2;
				MTL_ENABLE_DEBUG_INFO = YES;
				ONLY_ACTIVE_ARCH = YES;
				SDKROOT = iphoneos;
			};
			name = Debug;
		};
		321B08EC1C47F37D00FC70B3 /* Release */ = {
			isa = XCBuildConfiguration;
			buildSettings = {
				ALWAYS_SEARCH_USER_PATHS = NO;
				CLANG_CXX_LANGUAGE_STANDARD = "gnu++0x";
				CLANG_CXX_LIBRARY = "libc++";
				CLANG_ENABLE_MODULES = YES;
				CLANG_ENABLE_OBJC_ARC = YES;
				CLANG_WARN_BOOL_CONVERSION = YES;
				CLANG_WARN_CONSTANT_CONVERSION = YES;
				CLANG_WARN_DIRECT_OBJC_ISA_USAGE = YES_ERROR;
				CLANG_WARN_EMPTY_BODY = YES;
				CLANG_WARN_ENUM_CONVERSION = YES;
				CLANG_WARN_INT_CONVERSION = YES;
				CLANG_WARN_OBJC_ROOT_CLASS = YES_ERROR;
				CLANG_WARN_UNREACHABLE_CODE = YES;
				CLANG_WARN__DUPLICATE_METHOD_MATCH = YES;
				"CODE_SIGN_IDENTITY[sdk=iphoneos*]" = "iPhone Developer";
				COPY_PHASE_STRIP = NO;
				DEBUG_INFORMATION_FORMAT = "dwarf-with-dsym";
				ENABLE_NS_ASSERTIONS = NO;
				ENABLE_STRICT_OBJC_MSGSEND = YES;
				GCC_C_LANGUAGE_STANDARD = gnu99;
				GCC_NO_COMMON_BLOCKS = YES;
				GCC_WARN_64_TO_32_BIT_CONVERSION = YES;
				GCC_WARN_ABOUT_RETURN_TYPE = YES_ERROR;
				GCC_WARN_UNDECLARED_SELECTOR = YES;
				GCC_WARN_UNINITIALIZED_AUTOS = YES_AGGRESSIVE;
				GCC_WARN_UNUSED_FUNCTION = YES;
				GCC_WARN_UNUSED_VARIABLE = YES;
				IPHONEOS_DEPLOYMENT_TARGET = 9.2;
				MTL_ENABLE_DEBUG_INFO = NO;
				SDKROOT = iphoneos;
				VALIDATE_PRODUCT = YES;
			};
			name = Release;
		};
		321B08EE1C47F37D00FC70B3 /* Debug */ = {
			isa = XCBuildConfiguration;
			buildSettings = {
				ASSETCATALOG_COMPILER_APPICON_NAME = AppIcon;
				INFOPLIST_FILE = LNImagePickerDemo/Info.plist;
				IPHONEOS_DEPLOYMENT_TARGET = 7.0;
				LD_RUNPATH_SEARCH_PATHS = "$(inherited) @executable_path/Frameworks";
				PRODUCT_BUNDLE_IDENTIFIER = com.onlylin.LNImagePickerDemo;
				PRODUCT_NAME = "$(TARGET_NAME)";
			};
			name = Debug;
		};
		321B08EF1C47F37D00FC70B3 /* Release */ = {
			isa = XCBuildConfiguration;
			buildSettings = {
				ASSETCATALOG_COMPILER_APPICON_NAME = AppIcon;
				INFOPLIST_FILE = LNImagePickerDemo/Info.plist;
				IPHONEOS_DEPLOYMENT_TARGET = 7.0;
				LD_RUNPATH_SEARCH_PATHS = "$(inherited) @executable_path/Frameworks";
				PRODUCT_BUNDLE_IDENTIFIER = com.onlylin.LNImagePickerDemo;
				PRODUCT_NAME = "$(TARGET_NAME)";
			};
			name = Release;
		};
		321B08F11C47F37D00FC70B3 /* Debug */ = {
			isa = XCBuildConfiguration;
			buildSettings = {
				BUNDLE_LOADER = "$(TEST_HOST)";
				INFOPLIST_FILE = LNImagePickerDemoTests/Info.plist;
				LD_RUNPATH_SEARCH_PATHS = "$(inherited) @executable_path/Frameworks @loader_path/Frameworks";
				PRODUCT_BUNDLE_IDENTIFIER = com.onlylin.LNImagePickerDemoTests;
				PRODUCT_NAME = "$(TARGET_NAME)";
				TEST_HOST = "$(BUILT_PRODUCTS_DIR)/LNImagePickerDemo.app/LNImagePickerDemo";
			};
			name = Debug;
		};
		321B08F21C47F37D00FC70B3 /* Release */ = {
			isa = XCBuildConfiguration;
			buildSettings = {
				BUNDLE_LOADER = "$(TEST_HOST)";
				INFOPLIST_FILE = LNImagePickerDemoTests/Info.plist;
				LD_RUNPATH_SEARCH_PATHS = "$(inherited) @executable_path/Frameworks @loader_path/Frameworks";
				PRODUCT_BUNDLE_IDENTIFIER = com.onlylin.LNImagePickerDemoTests;
				PRODUCT_NAME = "$(TARGET_NAME)";
				TEST_HOST = "$(BUILT_PRODUCTS_DIR)/LNImagePickerDemo.app/LNImagePickerDemo";
			};
			name = Release;
		};
		321B08F41C47F37D00FC70B3 /* Debug */ = {
			isa = XCBuildConfiguration;
			buildSettings = {
				INFOPLIST_FILE = LNImagePickerDemoUITests/Info.plist;
				LD_RUNPATH_SEARCH_PATHS = "$(inherited) @executable_path/Frameworks @loader_path/Frameworks";
				PRODUCT_BUNDLE_IDENTIFIER = com.onlylin.LNImagePickerDemoUITests;
				PRODUCT_NAME = "$(TARGET_NAME)";
				TEST_TARGET_NAME = LNImagePickerDemo;
				USES_XCTRUNNER = YES;
			};
			name = Debug;
		};
		321B08F51C47F37D00FC70B3 /* Release */ = {
			isa = XCBuildConfiguration;
			buildSettings = {
				INFOPLIST_FILE = LNImagePickerDemoUITests/Info.plist;
				LD_RUNPATH_SEARCH_PATHS = "$(inherited) @executable_path/Frameworks @loader_path/Frameworks";
				PRODUCT_BUNDLE_IDENTIFIER = com.onlylin.LNImagePickerDemoUITests;
				PRODUCT_NAME = "$(TARGET_NAME)";
				TEST_TARGET_NAME = LNImagePickerDemo;
				USES_XCTRUNNER = YES;
			};
			name = Release;
		};
/* End XCBuildConfiguration section */

/* Begin XCConfigurationList section */
		321B08BB1C47F37D00FC70B3 /* Build configuration list for PBXProject "LNImagePickerDemo" */ = {
			isa = XCConfigurationList;
			buildConfigurations = (
				321B08EB1C47F37D00FC70B3 /* Debug */,
				321B08EC1C47F37D00FC70B3 /* Release */,
			);
			defaultConfigurationIsVisible = 0;
			defaultConfigurationName = Release;
		};
		321B08ED1C47F37D00FC70B3 /* Build configuration list for PBXNativeTarget "LNImagePickerDemo" */ = {
			isa = XCConfigurationList;
			buildConfigurations = (
				321B08EE1C47F37D00FC70B3 /* Debug */,
				321B08EF1C47F37D00FC70B3 /* Release */,
			);
			defaultConfigurationIsVisible = 0;
			defaultConfigurationName = Release;
		};
		321B08F01C47F37D00FC70B3 /* Build configuration list for PBXNativeTarget "LNImagePickerDemoTests" */ = {
			isa = XCConfigurationList;
			buildConfigurations = (
				321B08F11C47F37D00FC70B3 /* Debug */,
				321B08F21C47F37D00FC70B3 /* Release */,
			);
			defaultConfigurationIsVisible = 0;
			defaultConfigurationName = Release;
		};
		321B08F31C47F37D00FC70B3 /* Build configuration list for PBXNativeTarget "LNImagePickerDemoUITests" */ = {
			isa = XCConfigurationList;
			buildConfigurations = (
				321B08F41C47F37D00FC70B3 /* Debug */,
				321B08F51C47F37D00FC70B3 /* Release */,
			);
			defaultConfigurationIsVisible = 0;
			defaultConfigurationName = Release;
		};
/* End XCConfigurationList section */
	};
	rootObject = 321B08B81C47F37D00FC70B3 /* Project object */;
}
